// !$*UTF8*$!
{
	archiveVersion = 1;
	classes = {
	};
	objectVersion = 48;
	objects = {

/* Begin PBXBuildFile section */
		52E922AB1FE0FEA300A3D0A3 /* AppDelegate.swift in Sources */ = {isa = PBXBuildFile; fileRef = 52E922AA1FE0FEA300A3D0A3 /* AppDelegate.swift */; };
		52E922AD1FE0FEA300A3D0A3 /* ViewController.swift in Sources */ = {isa = PBXBuildFile; fileRef = 52E922AC1FE0FEA300A3D0A3 /* ViewController.swift */; };
		52E922B01FE0FEA300A3D0A3 /* Main.storyboard in Resources */ = {isa = PBXBuildFile; fileRef = 52E922AE1FE0FEA300A3D0A3 /* Main.storyboard */; };
		52E922B21FE0FEA300A3D0A3 /* Assets.xcassets in Resources */ = {isa = PBXBuildFile; fileRef = 52E922B11FE0FEA300A3D0A3 /* Assets.xcassets */; };
		52E922B51FE0FEA300A3D0A3 /* LaunchScreen.storyboard in Resources */ = {isa = PBXBuildFile; fileRef = 52E922B31FE0FEA300A3D0A3 /* LaunchScreen.storyboard */; };
		52E922C01FE0FEA300A3D0A3 /* TestAppTests.swift in Sources */ = {isa = PBXBuildFile; fileRef = 52E922BF1FE0FEA300A3D0A3 /* TestAppTests.swift */; };
		52E922CB1FE0FEA300A3D0A3 /* TestAppUITests.swift in Sources */ = {isa = PBXBuildFile; fileRef = 52E922CA1FE0FEA300A3D0A3 /* TestAppUITests.swift */; };
/* End PBXBuildFile section */

/* Begin PBXContainerItemProxy section */
		52E922BC1FE0FEA300A3D0A3 /* PBXContainerItemProxy */ = {
			isa = PBXContainerItemProxy;
			containerPortal = 52E9229F1FE0FEA300A3D0A3 /* Project object */;
			proxyType = 1;
			remoteGlobalIDString = 52E922A61FE0FEA300A3D0A3;
			remoteInfo = TestApp;
		};
		52E922C71FE0FEA300A3D0A3 /* PBXContainerItemProxy */ = {
			isa = PBXContainerItemProxy;
			containerPortal = 52E9229F1FE0FEA300A3D0A3 /* Project object */;
			proxyType = 1;
			remoteGlobalIDString = 52E922A61FE0FEA300A3D0A3;
			remoteInfo = TestApp;
		};
/* End PBXContainerItemProxy section */

/* Begin PBXFileReference section */
		52E922A71FE0FEA300A3D0A3 /* TestApp.app */ = {isa = PBXFileReference; explicitFileType = wrapper.application; includeInIndex = 0; path = TestApp.app; sourceTree = BUILT_PRODUCTS_DIR; };
		52E922AA1FE0FEA300A3D0A3 /* AppDelegate.swift */ = {isa = PBXFileReference; lastKnownFileType = sourcecode.swift; path = AppDelegate.swift; sourceTree = "<group>"; };
		52E922AC1FE0FEA300A3D0A3 /* ViewController.swift */ = {isa = PBXFileReference; lastKnownFileType = sourcecode.swift; path = ViewController.swift; sourceTree = "<group>"; };
		52E922AF1FE0FEA300A3D0A3 /* Base */ = {isa = PBXFileReference; lastKnownFileType = file.storyboard; name = Base; path = Base.lproj/Main.storyboard; sourceTree = "<group>"; };
		52E922B11FE0FEA300A3D0A3 /* Assets.xcassets */ = {isa = PBXFileReference; lastKnownFileType = folder.assetcatalog; path = Assets.xcassets; sourceTree = "<group>"; };
		52E922B41FE0FEA300A3D0A3 /* Base */ = {isa = PBXFileReference; lastKnownFileType = file.storyboard; name = Base; path = Base.lproj/LaunchScreen.storyboard; sourceTree = "<group>"; };
		52E922B61FE0FEA300A3D0A3 /* Info.plist */ = {isa = PBXFileReference; lastKnownFileType = text.plist.xml; path = Info.plist; sourceTree = "<group>"; };
		52E922BB1FE0FEA300A3D0A3 /* TestAppTests.xctest */ = {isa = PBXFileReference; explicitFileType = wrapper.cfbundle; includeInIndex = 0; path = TestAppTests.xctest; sourceTree = BUILT_PRODUCTS_DIR; };
		52E922BF1FE0FEA300A3D0A3 /* TestAppTests.swift */ = {isa = PBXFileReference; lastKnownFileType = sourcecode.swift; path = TestAppTests.swift; sourceTree = "<group>"; };
		52E922C11FE0FEA300A3D0A3 /* Info.plist */ = {isa = PBXFileReference; lastKnownFileType = text.plist.xml; path = Info.plist; sourceTree = "<group>"; };
		52E922C61FE0FEA300A3D0A3 /* TestAppUITests.xctest */ = {isa = PBXFileReference; explicitFileType = wrapper.cfbundle; includeInIndex = 0; path = TestAppUITests.xctest; sourceTree = BUILT_PRODUCTS_DIR; };
		52E922CA1FE0FEA300A3D0A3 /* TestAppUITests.swift */ = {isa = PBXFileReference; lastKnownFileType = sourcecode.swift; path = TestAppUITests.swift; sourceTree = "<group>"; };
		52E922CC1FE0FEA300A3D0A3 /* Info.plist */ = {isa = PBXFileReference; lastKnownFileType = text.plist.xml; path = Info.plist; sourceTree = "<group>"; };
/* End PBXFileReference section */

/* Begin PBXFrameworksBuildPhase section */
		52E922A41FE0FEA300A3D0A3 /* Frameworks */ = {
			isa = PBXFrameworksBuildPhase;
			buildActionMask = 2147483647;
			files = (
			);
			runOnlyForDeploymentPostprocessing = 0;
		};
		52E922B81FE0FEA300A3D0A3 /* Frameworks */ = {
			isa = PBXFrameworksBuildPhase;
			buildActionMask = 2147483647;
			files = (
			);
			runOnlyForDeploymentPostprocessing = 0;
		};
		52E922C31FE0FEA300A3D0A3 /* Frameworks */ = {
			isa = PBXFrameworksBuildPhase;
			buildActionMask = 2147483647;
			files = (
			);
			runOnlyForDeploymentPostprocessing = 0;
		};
/* End PBXFrameworksBuildPhase section */

/* Begin PBXGroup section */
		52E9229E1FE0FEA300A3D0A3 = {
			isa = PBXGroup;
			children = (
				52E922A91FE0FEA300A3D0A3 /* TestApp */,
				52E922BE1FE0FEA300A3D0A3 /* TestAppTests */,
				52E922C91FE0FEA300A3D0A3 /* TestAppUITests */,
				52E922A81FE0FEA300A3D0A3 /* Products */,
			);
			sourceTree = "<group>";
		};
		52E922A81FE0FEA300A3D0A3 /* Products */ = {
			isa = PBXGroup;
			children = (
				52E922A71FE0FEA300A3D0A3 /* TestApp.app */,
				52E922BB1FE0FEA300A3D0A3 /* TestAppTests.xctest */,
				52E922C61FE0FEA300A3D0A3 /* TestAppUITests.xctest */,
			);
			name = Products;
			sourceTree = "<group>";
		};
		52E922A91FE0FEA300A3D0A3 /* TestApp */ = {
			isa = PBXGroup;
			children = (
				52E922AA1FE0FEA300A3D0A3 /* AppDelegate.swift */,
				52E922AC1FE0FEA300A3D0A3 /* ViewController.swift */,
				52E922AE1FE0FEA300A3D0A3 /* Main.storyboard */,
				52E922B11FE0FEA300A3D0A3 /* Assets.xcassets */,
				52E922B31FE0FEA300A3D0A3 /* LaunchScreen.storyboard */,
				52E922B61FE0FEA300A3D0A3 /* Info.plist */,
			);
			path = TestApp;
			sourceTree = "<group>";
		};
		52E922BE1FE0FEA300A3D0A3 /* TestAppTests */ = {
			isa = PBXGroup;
			children = (
				52E922BF1FE0FEA300A3D0A3 /* TestAppTests.swift */,
				52E922C11FE0FEA300A3D0A3 /* Info.plist */,
			);
			path = TestAppTests;
			sourceTree = "<group>";
		};
		52E922C91FE0FEA300A3D0A3 /* TestAppUITests */ = {
			isa = PBXGroup;
			children = (
				52E922CA1FE0FEA300A3D0A3 /* TestAppUITests.swift */,
				52E922CC1FE0FEA300A3D0A3 /* Info.plist */,
			);
			path = TestAppUITests;
			sourceTree = "<group>";
		};
/* End PBXGroup section */

/* Begin PBXNativeTarget section */
		52E922A61FE0FEA300A3D0A3 /* TestApp */ = {
			isa = PBXNativeTarget;
			buildConfigurationList = 52E922CF1FE0FEA300A3D0A3 /* Build configuration list for PBXNativeTarget "TestApp" */;
			buildPhases = (
				52E922A31FE0FEA300A3D0A3 /* Sources */,
				52E922A41FE0FEA300A3D0A3 /* Frameworks */,
				52E922A51FE0FEA300A3D0A3 /* Resources */,
			);
			buildRules = (
			);
			dependencies = (
			);
			name = TestApp;
			productName = TestApp;
			productReference = 52E922A71FE0FEA300A3D0A3 /* TestApp.app */;
			productType = "com.apple.product-type.application";
		};
		52E922BA1FE0FEA300A3D0A3 /* TestAppTests */ = {
			isa = PBXNativeTarget;
			buildConfigurationList = 52E922D21FE0FEA300A3D0A3 /* Build configuration list for PBXNativeTarget "TestAppTests" */;
			buildPhases = (
				52E922B71FE0FEA300A3D0A3 /* Sources */,
				52E922B81FE0FEA300A3D0A3 /* Frameworks */,
				52E922B91FE0FEA300A3D0A3 /* Resources */,
			);
			buildRules = (
			);
			dependencies = (
				52E922BD1FE0FEA300A3D0A3 /* PBXTargetDependency */,
			);
			name = TestAppTests;
			productName = TestAppTests;
			productReference = 52E922BB1FE0FEA300A3D0A3 /* TestAppTests.xctest */;
			productType = "com.apple.product-type.bundle.unit-test";
		};
		52E922C51FE0FEA300A3D0A3 /* TestAppUITests */ = {
			isa = PBXNativeTarget;
			buildConfigurationList = 52E922D51FE0FEA300A3D0A3 /* Build configuration list for PBXNativeTarget "TestAppUITests" */;
			buildPhases = (
				52E922C21FE0FEA300A3D0A3 /* Sources */,
				52E922C31FE0FEA300A3D0A3 /* Frameworks */,
				52E922C41FE0FEA300A3D0A3 /* Resources */,
			);
			buildRules = (
			);
			dependencies = (
				52E922C81FE0FEA300A3D0A3 /* PBXTargetDependency */,
			);
			name = TestAppUITests;
			productName = TestAppUITests;
			productReference = 52E922C61FE0FEA300A3D0A3 /* TestAppUITests.xctest */;
			productType = "com.apple.product-type.bundle.ui-testing";
		};
/* End PBXNativeTarget section */

/* Begin PBXProject section */
		52E9229F1FE0FEA300A3D0A3 /* Project object */ = {
			isa = PBXProject;
			attributes = {
				LastSwiftUpdateCheck = 0900;
				LastUpgradeCheck = 0900;
				ORGANIZATIONNAME = "Krishna Pradeep";
				TargetAttributes = {
					52E922A61FE0FEA300A3D0A3 = {
						CreatedOnToolsVersion = 9.0;
						ProvisioningStyle = Automatic;
					};
					52E922BA1FE0FEA300A3D0A3 = {
						CreatedOnToolsVersion = 9.0;
						ProvisioningStyle = Automatic;
						TestTargetID = 52E922A61FE0FEA300A3D0A3;
					};
					52E922C51FE0FEA300A3D0A3 = {
						CreatedOnToolsVersion = 9.0;
						ProvisioningStyle = Automatic;
						TestTargetID = 52E922A61FE0FEA300A3D0A3;
					};
				};
			};
			buildConfigurationList = 52E922A21FE0FEA300A3D0A3 /* Build configuration list for PBXProject "TestApp" */;
			compatibilityVersion = "Xcode 8.0";
			developmentRegion = en;
			hasScannedForEncodings = 0;
			knownRegions = (
				en,
				Base,
			);
			mainGroup = 52E9229E1FE0FEA300A3D0A3;
			productRefGroup = 52E922A81FE0FEA300A3D0A3 /* Products */;
			projectDirPath = "";
			projectRoot = "";
			targets = (
				52E922A61FE0FEA300A3D0A3 /* TestApp */,
				52E922BA1FE0FEA300A3D0A3 /* TestAppTests */,
				52E922C51FE0FEA300A3D0A3 /* TestAppUITests */,
			);
		};
/* End PBXProject section */

/* Begin PBXResourcesBuildPhase section */
		52E922A51FE0FEA300A3D0A3 /* Resources */ = {
			isa = PBXResourcesBuildPhase;
			buildActionMask = 2147483647;
			files = (
				52E922B51FE0FEA300A3D0A3 /* LaunchScreen.storyboard in Resources */,
				52E922B21FE0FEA300A3D0A3 /* Assets.xcassets in Resources */,
				52E922B01FE0FEA300A3D0A3 /* Main.storyboard in Resources */,
			);
			runOnlyForDeploymentPostprocessing = 0;
		};
		52E922B91FE0FEA300A3D0A3 /* Resources */ = {
			isa = PBXResourcesBuildPhase;
			buildActionMask = 2147483647;
			files = (
			);
			runOnlyForDeploymentPostprocessing = 0;
		};
		52E922C41FE0FEA300A3D0A3 /* Resources */ = {
			isa = PBXResourcesBuildPhase;
			buildActionMask = 2147483647;
			files = (
			);
			runOnlyForDeploymentPostprocessing = 0;
		};
/* End PBXResourcesBuildPhase section */

/* Begin PBXSourcesBuildPhase section */
		52E922A31FE0FEA300A3D0A3 /* Sources */ = {
			isa = PBXSourcesBuildPhase;
			buildActionMask = 2147483647;
			files = (
				52E922AD1FE0FEA300A3D0A3 /* ViewController.swift in Sources */,
				52E922AB1FE0FEA300A3D0A3 /* AppDelegate.swift in Sources */,
			);
			runOnlyForDeploymentPostprocessing = 0;
		};
		52E922B71FE0FEA300A3D0A3 /* Sources */ = {
			isa = PBXSourcesBuildPhase;
			buildActionMask = 2147483647;
			files = (
				52E922C01FE0FEA300A3D0A3 /* TestAppTests.swift in Sources */,
			);
			runOnlyForDeploymentPostprocessing = 0;
		};
		52E922C21FE0FEA300A3D0A3 /* Sources */ = {
			isa = PBXSourcesBuildPhase;
			buildActionMask = 2147483647;
			files = (
				52E922CB1FE0FEA300A3D0A3 /* TestAppUITests.swift in Sources */,
			);
			runOnlyForDeploymentPostprocessing = 0;
		};
/* End PBXSourcesBuildPhase section */

/* Begin PBXTargetDependency section */
		52E922BD1FE0FEA300A3D0A3 /* PBXTargetDependency */ = {
			isa = PBXTargetDependency;
			target = 52E922A61FE0FEA300A3D0A3 /* TestApp */;
			targetProxy = 52E922BC1FE0FEA300A3D0A3 /* PBXContainerItemProxy */;
		};
		52E922C81FE0FEA300A3D0A3 /* PBXTargetDependency */ = {
			isa = PBXTargetDependency;
			target = 52E922A61FE0FEA300A3D0A3 /* TestApp */;
			targetProxy = 52E922C71FE0FEA300A3D0A3 /* PBXContainerItemProxy */;
		};
/* End PBXTargetDependency section */

/* Begin PBXVariantGroup section */
		52E922AE1FE0FEA300A3D0A3 /* Main.storyboard */ = {
			isa = PBXVariantGroup;
			children = (
				52E922AF1FE0FEA300A3D0A3 /* Base */,
			);
			name = Main.storyboard;
			sourceTree = "<group>";
		};
		52E922B31FE0FEA300A3D0A3 /* LaunchScreen.storyboard */ = {
			isa = PBXVariantGroup;
			children = (
				52E922B41FE0FEA300A3D0A3 /* Base */,
			);
			name = LaunchScreen.storyboard;
			sourceTree = "<group>";
		};
/* End PBXVariantGroup section */

/* Begin XCBuildConfiguration section */
		52E922CD1FE0FEA300A3D0A3 /* Debug */ = {
			isa = XCBuildConfiguration;
			buildSettings = {
				ALWAYS_SEARCH_USER_PATHS = NO;
				CLANG_ANALYZER_NONNULL = YES;
				CLANG_ANALYZER_NUMBER_OBJECT_CONVERSION = YES_AGGRESSIVE;
				CLANG_CXX_LANGUAGE_STANDARD = "gnu++14";
				CLANG_CXX_LIBRARY = "libc++";
				CLANG_ENABLE_MODULES = YES;
				CLANG_ENABLE_OBJC_ARC = YES;
				CLANG_WARN_BLOCK_CAPTURE_AUTORELEASING = YES;
				CLANG_WARN_BOOL_CONVERSION = YES;
				CLANG_WARN_COMMA = YES;
				CLANG_WARN_CONSTANT_CONVERSION = YES;
				CLANG_WARN_DIRECT_OBJC_ISA_USAGE = YES_ERROR;
				CLANG_WARN_DOCUMENTATION_COMMENTS = YES;
				CLANG_WARN_EMPTY_BODY = YES;
				CLANG_WARN_ENUM_CONVERSION = YES;
				CLANG_WARN_INFINITE_RECURSION = YES;
				CLANG_WARN_INT_CONVERSION = YES;
				CLANG_WARN_NON_LITERAL_NULL_CONVERSION = YES;
				CLANG_WARN_OBJC_LITERAL_CONVERSION = YES;
				CLANG_WARN_OBJC_ROOT_CLASS = YES_ERROR;
				CLANG_WARN_RANGE_LOOP_ANALYSIS = YES;
				CLANG_WARN_STRICT_PROTOTYPES = YES;
				CLANG_WARN_SUSPICIOUS_MOVE = YES;
				CLANG_WARN_UNGUARDED_AVAILABILITY = YES_AGGRESSIVE;
				CLANG_WARN_UNREACHABLE_CODE = YES;
				CLANG_WARN__DUPLICATE_METHOD_MATCH = YES;
				CODE_SIGN_IDENTITY = "iPhone Developer";
				COPY_PHASE_STRIP = NO;
				DEBUG_INFORMATION_FORMAT = dwarf;
				ENABLE_STRICT_OBJC_MSGSEND = YES;
				ENABLE_TESTABILITY = YES;
				GCC_C_LANGUAGE_STANDARD = gnu11;
				GCC_DYNAMIC_NO_PIC = NO;
				GCC_NO_COMMON_BLOCKS = YES;
				GCC_OPTIMIZATION_LEVEL = 0;
				GCC_PREPROCESSOR_DEFINITIONS = (
					"DEBUG=1",
					"$(inherited)",
				);
				GCC_WARN_64_TO_32_BIT_CONVERSION = YES;
				GCC_WARN_ABOUT_RETURN_TYPE = YES_ERROR;
				GCC_WARN_UNDECLARED_SELECTOR = YES;
				GCC_WARN_UNINITIALIZED_AUTOS = YES_AGGRESSIVE;
				GCC_WARN_UNUSED_FUNCTION = YES;
				GCC_WARN_UNUSED_VARIABLE = YES;
				IPHONEOS_DEPLOYMENT_TARGET = 11.0;
				MTL_ENABLE_DEBUG_INFO = YES;
				ONLY_ACTIVE_ARCH = YES;
				SDKROOT = iphoneos;
				SWIFT_ACTIVE_COMPILATION_CONDITIONS = DEBUG;
				SWIFT_OPTIMIZATION_LEVEL = "-Onone";
			};
			name = Debug;
		};
		52E922CE1FE0FEA300A3D0A3 /* Release */ = {
			isa = XCBuildConfiguration;
			buildSettings = {
				ALWAYS_SEARCH_USER_PATHS = NO;
				CLANG_ANALYZER_NONNULL = YES;
				CLANG_ANALYZER_NUMBER_OBJECT_CONVERSION = YES_AGGRESSIVE;
				CLANG_CXX_LANGUAGE_STANDARD = "gnu++14";
				CLANG_CXX_LIBRARY = "libc++";
				CLANG_ENABLE_MODULES = YES;
				CLANG_ENABLE_OBJC_ARC = YES;
				CLANG_WARN_BLOCK_CAPTURE_AUTORELEASING = YES;
				CLANG_WARN_BOOL_CONVERSION = YES;
				CLANG_WARN_COMMA = YES;
				CLANG_WARN_CONSTANT_CONVERSION = YES;
				CLANG_WARN_DIRECT_OBJC_ISA_USAGE = YES_ERROR;
				CLANG_WARN_DOCUMENTATION_COMMENTS = YES;
				CLANG_WARN_EMPTY_BODY = YES;
				CLANG_WARN_ENUM_CONVERSION = YES;
				CLANG_WARN_INFINITE_RECURSION = YES;
				CLANG_WARN_INT_CONVERSION = YES;
				CLANG_WARN_NON_LITERAL_NULL_CONVERSION = YES;
				CLANG_WARN_OBJC_LITERAL_CONVERSION = YES;
				CLANG_WARN_OBJC_ROOT_CLASS = YES_ERROR;
				CLANG_WARN_RANGE_LOOP_ANALYSIS = YES;
				CLANG_WARN_STRICT_PROTOTYPES = YES;
				CLANG_WARN_SUSPICIOUS_MOVE = YES;
				CLANG_WARN_UNGUARDED_AVAILABILITY = YES_AGGRESSIVE;
				CLANG_WARN_UNREACHABLE_CODE = YES;
				CLANG_WARN__DUPLICATE_METHOD_MATCH = YES;
				CODE_SIGN_IDENTITY = "iPhone Developer";
				COPY_PHASE_STRIP = NO;
				DEBUG_INFORMATION_FORMAT = "dwarf-with-dsym";
				ENABLE_NS_ASSERTIONS = NO;
				ENABLE_STRICT_OBJC_MSGSEND = YES;
				GCC_C_LANGUAGE_STANDARD = gnu11;
				GCC_NO_COMMON_BLOCKS = YES;
				GCC_WARN_64_TO_32_BIT_CONVERSION = YES;
				GCC_WARN_ABOUT_RETURN_TYPE = YES_ERROR;
				GCC_WARN_UNDECLARED_SELECTOR = YES;
				GCC_WARN_UNINITIALIZED_AUTOS = YES_AGGRESSIVE;
				GCC_WARN_UNUSED_FUNCTION = YES;
				GCC_WARN_UNUSED_VARIABLE = YES;
				IPHONEOS_DEPLOYMENT_TARGET = 11.0;
				MTL_ENABLE_DEBUG_INFO = NO;
				SDKROOT = iphoneos;
				SWIFT_OPTIMIZATION_LEVEL = "-Owholemodule";
				VALIDATE_PRODUCT = YES;
			};
			name = Release;
		};
		52E922D01FE0FEA300A3D0A3 /* Debug */ = {
			isa = XCBuildConfiguration;
			buildSettings = {
				ASSETCATALOG_COMPILER_APPICON_NAME = AppIcon;
				CODE_SIGN_STYLE = Automatic;
				DEVELOPMENT_TEAM = LTFYTL6875;
				INFOPLIST_FILE = TestApp/Info.plist;
				LD_RUNPATH_SEARCH_PATHS = "$(inherited) @executable_path/Frameworks";
				PRODUCT_BUNDLE_IDENTIFIER = com.TestApp;
				PRODUCT_NAME = "$(TARGET_NAME)";
				SWIFT_VERSION = 4.0;
				TARGETED_DEVICE_FAMILY = "1,2";
			};
			name = Debug;
		};
		52E922D11FE0FEA300A3D0A3 /* Release */ = {
			isa = XCBuildConfiguration;
			buildSettings = {
				ASSETCATALOG_COMPILER_APPICON_NAME = AppIcon;
				CODE_SIGN_STYLE = Automatic;
				DEVELOPMENT_TEAM = LTFYTL6875;
				INFOPLIST_FILE = TestApp/Info.plist;
				LD_RUNPATH_SEARCH_PATHS = "$(inherited) @executable_path/Frameworks";
				PRODUCT_BUNDLE_IDENTIFIER = com.TestApp;
				PRODUCT_NAME = "$(TARGET_NAME)";
				SWIFT_VERSION = 4.0;
				TARGETED_DEVICE_FAMILY = "1,2";
			};
			name = Release;
		};
		52E922D31FE0FEA300A3D0A3 /* Debug */ = {
			isa = XCBuildConfiguration;
			buildSettings = {
				ALWAYS_EMBED_SWIFT_STANDARD_LIBRARIES = YES;
				BUNDLE_LOADER = "$(TEST_HOST)";
				CODE_SIGN_STYLE = Automatic;
				DEVELOPMENT_TEAM = LTFYTL6875;
				INFOPLIST_FILE = TestAppTests/Info.plist;
				LD_RUNPATH_SEARCH_PATHS = "$(inherited) @executable_path/Frameworks @loader_path/Frameworks";
				PRODUCT_BUNDLE_IDENTIFIER = com.TestAppTests;
				PRODUCT_NAME = "$(TARGET_NAME)";
				SWIFT_VERSION = 4.0;
				TARGETED_DEVICE_FAMILY = "1,2";
				TEST_HOST = "$(BUILT_PRODUCTS_DIR)/TestApp.app/TestApp";
			};
			name = Debug;
		};
		52E922D41FE0FEA300A3D0A3 /* Release */ = {
			isa = XCBuildConfiguration;
			buildSettings = {
				ALWAYS_EMBED_SWIFT_STANDARD_LIBRARIES = YES;
				BUNDLE_LOADER = "$(TEST_HOST)";
				CODE_SIGN_STYLE = Automatic;
				DEVELOPMENT_TEAM = LTFYTL6875;
				INFOPLIST_FILE = TestAppTests/Info.plist;
				LD_RUNPATH_SEARCH_PATHS = "$(inherited) @executable_path/Frameworks @loader_path/Frameworks";
				PRODUCT_BUNDLE_IDENTIFIER = com.TestAppTests;
				PRODUCT_NAME = "$(TARGET_NAME)";
				SWIFT_VERSION = 4.0;
				TARGETED_DEVICE_FAMILY = "1,2";
				TEST_HOST = "$(BUILT_PRODUCTS_DIR)/TestApp.app/TestApp";
			};
			name = Release;
		};
		52E922D61FE0FEA300A3D0A3 /* Debug */ = {
			isa = XCBuildConfiguration;
			buildSettings = {
				ALWAYS_EMBED_SWIFT_STANDARD_LIBRARIES = YES;
				CODE_SIGN_STYLE = Automatic;
				DEVELOPMENT_TEAM = LTFYTL6875;
				INFOPLIST_FILE = TestAppUITests/Info.plist;
				LD_RUNPATH_SEARCH_PATHS = "$(inherited) @executable_path/Frameworks @loader_path/Frameworks";
				PRODUCT_BUNDLE_IDENTIFIER = com.TestAppUITests;
				PRODUCT_NAME = "$(TARGET_NAME)";
				SWIFT_VERSION = 4.0;
				TARGETED_DEVICE_FAMILY = "1,2";
				TEST_TARGET_NAME = TestApp;
			};
			name = Debug;
		};
		52E922D71FE0FEA300A3D0A3 /* Release */ = {
			isa = XCBuildConfiguration;
			buildSettings = {
				ALWAYS_EMBED_SWIFT_STANDARD_LIBRARIES = YES;
				CODE_SIGN_STYLE = Automatic;
				DEVELOPMENT_TEAM = LTFYTL6875;
				INFOPLIST_FILE = TestAppUITests/Info.plist;
				LD_RUNPATH_SEARCH_PATHS = "$(inherited) @executable_path/Frameworks @loader_path/Frameworks";
				PRODUCT_BUNDLE_IDENTIFIER = com.TestAppUITests;
				PRODUCT_NAME = "$(TARGET_NAME)";
				SWIFT_VERSION = 4.0;
				TARGETED_DEVICE_FAMILY = "1,2";
				TEST_TARGET_NAME = TestApp;
			};
			name = Release;
		};
/* End XCBuildConfiguration section */

/* Begin XCConfigurationList section */
		52E922A21FE0FEA300A3D0A3 /* Build configuration list for PBXProject "TestApp" */ = {
			isa = XCConfigurationList;
			buildConfigurations = (
				52E922CD1FE0FEA300A3D0A3 /* Debug */,
				52E922CE1FE0FEA300A3D0A3 /* Release */,
			);
			defaultConfigurationIsVisible = 0;
			defaultConfigurationName = Release;
		};
		52E922CF1FE0FEA300A3D0A3 /* Build configuration list for PBXNativeTarget "TestApp" */ = {
			isa = XCConfigurationList;
			buildConfigurations = (
				52E922D01FE0FEA300A3D0A3 /* Debug */,
				52E922D11FE0FEA300A3D0A3 /* Release */,
			);
			defaultConfigurationIsVisible = 0;
			defaultConfigurationName = Release;
		};
		52E922D21FE0FEA300A3D0A3 /* Build configuration list for PBXNativeTarget "TestAppTests" */ = {
			isa = XCConfigurationList;
			buildConfigurations = (
				52E922D31FE0FEA300A3D0A3 /* Debug */,
				52E922D41FE0FEA300A3D0A3 /* Release */,
			);
			defaultConfigurationIsVisible = 0;
			defaultConfigurationName = Release;
		};
		52E922D51FE0FEA300A3D0A3 /* Build configuration list for PBXNativeTarget "TestAppUITests" */ = {
			isa = XCConfigurationList;
			buildConfigurations = (
				52E922D61FE0FEA300A3D0A3 /* Debug */,
				52E922D71FE0FEA300A3D0A3 /* Release */,
			);
			defaultConfigurationIsVisible = 0;
			defaultConfigurationName = Release;
		};
/* End XCConfigurationList section */
	};
	rootObject = 52E9229F1FE0FEA300A3D0A3 /* Project object */;
}
